// !$*UTF8*$!
{
	archiveVersion = 1;
	classes = {
	};
	objectVersion = 46;
	objects = {

/* Begin PBXBuildFile section */
		9E66A2F01DDA7B8A0050A6FD /* AppDelegate.swift in Sources */ = {isa = PBXBuildFile; fileRef = 9E66A2EF1DDA7B8A0050A6FD /* AppDelegate.swift */; };
		9E66A2F21DDA7B8A0050A6FD /* ViewController.swift in Sources */ = {isa = PBXBuildFile; fileRef = 9E66A2F11DDA7B8A0050A6FD /* ViewController.swift */; };
		9E66A2F51DDA7B8A0050A6FD /* Main.storyboard in Resources */ = {isa = PBXBuildFile; fileRef = 9E66A2F31DDA7B8A0050A6FD /* Main.storyboard */; };
		9E66A2F71DDA7B8A0050A6FD /* Assets.xcassets in Resources */ = {isa = PBXBuildFile; fileRef = 9E66A2F61DDA7B8A0050A6FD /* Assets.xcassets */; };
		9E66A2FA1DDA7B8A0050A6FD /* LaunchScreen.storyboard in Resources */ = {isa = PBXBuildFile; fileRef = 9E66A2F81DDA7B8A0050A6FD /* LaunchScreen.storyboard */; };
		9E66A3051DDA7B8A0050A6FD /* TicTacToeTests.swift in Sources */ = {isa = PBXBuildFile; fileRef = 9E66A3041DDA7B8A0050A6FD /* TicTacToeTests.swift */; };
		9E66A3101DDA7B8A0050A6FD /* TicTacToeUITests.swift in Sources */ = {isa = PBXBuildFile; fileRef = 9E66A30F1DDA7B8A0050A6FD /* TicTacToeUITests.swift */; };
/* End PBXBuildFile section */

/* Begin PBXContainerItemProxy section */
		9E66A3011DDA7B8A0050A6FD /* PBXContainerItemProxy */ = {
			isa = PBXContainerItemProxy;
			containerPortal = 9E66A2E41DDA7B890050A6FD /* Project object */;
			proxyType = 1;
			remoteGlobalIDString = 9E66A2EB1DDA7B8A0050A6FD;
			remoteInfo = TicTacToe;
		};
		9E66A30C1DDA7B8A0050A6FD /* PBXContainerItemProxy */ = {
			isa = PBXContainerItemProxy;
			containerPortal = 9E66A2E41DDA7B890050A6FD /* Project object */;
			proxyType = 1;
			remoteGlobalIDString = 9E66A2EB1DDA7B8A0050A6FD;
			remoteInfo = TicTacToe;
		};
/* End PBXContainerItemProxy section */

/* Begin PBXFileReference section */
		9E66A2EC1DDA7B8A0050A6FD /* TicTacToe.app */ = {isa = PBXFileReference; explicitFileType = wrapper.application; includeInIndex = 0; path = TicTacToe.app; sourceTree = BUILT_PRODUCTS_DIR; };
		9E66A2EF1DDA7B8A0050A6FD /* AppDelegate.swift */ = {isa = PBXFileReference; lastKnownFileType = sourcecode.swift; path = AppDelegate.swift; sourceTree = "<group>"; };
		9E66A2F11DDA7B8A0050A6FD /* ViewController.swift */ = {isa = PBXFileReference; lastKnownFileType = sourcecode.swift; path = ViewController.swift; sourceTree = "<group>"; };
		9E66A2F41DDA7B8A0050A6FD /* Base */ = {isa = PBXFileReference; lastKnownFileType = file.storyboard; name = Base; path = Base.lproj/Main.storyboard; sourceTree = "<group>"; };
		9E66A2F61DDA7B8A0050A6FD /* Assets.xcassets */ = {isa = PBXFileReference; lastKnownFileType = folder.assetcatalog; path = Assets.xcassets; sourceTree = "<group>"; };
		9E66A2F91DDA7B8A0050A6FD /* Base */ = {isa = PBXFileReference; lastKnownFileType = file.storyboard; name = Base; path = Base.lproj/LaunchScreen.storyboard; sourceTree = "<group>"; };
		9E66A2FB1DDA7B8A0050A6FD /* Info.plist */ = {isa = PBXFileReference; lastKnownFileType = text.plist.xml; path = Info.plist; sourceTree = "<group>"; };
		9E66A3001DDA7B8A0050A6FD /* TicTacToeTests.xctest */ = {isa = PBXFileReference; explicitFileType = wrapper.cfbundle; includeInIndex = 0; path = TicTacToeTests.xctest; sourceTree = BUILT_PRODUCTS_DIR; };
		9E66A3041DDA7B8A0050A6FD /* TicTacToeTests.swift */ = {isa = PBXFileReference; lastKnownFileType = sourcecode.swift; path = TicTacToeTests.swift; sourceTree = "<group>"; };
		9E66A3061DDA7B8A0050A6FD /* Info.plist */ = {isa = PBXFileReference; lastKnownFileType = text.plist.xml; path = Info.plist; sourceTree = "<group>"; };
		9E66A30B1DDA7B8A0050A6FD /* TicTacToeUITests.xctest */ = {isa = PBXFileReference; explicitFileType = wrapper.cfbundle; includeInIndex = 0; path = TicTacToeUITests.xctest; sourceTree = BUILT_PRODUCTS_DIR; };
		9E66A30F1DDA7B8A0050A6FD /* TicTacToeUITests.swift */ = {isa = PBXFileReference; lastKnownFileType = sourcecode.swift; path = TicTacToeUITests.swift; sourceTree = "<group>"; };
		9E66A3111DDA7B8A0050A6FD /* Info.plist */ = {isa = PBXFileReference; lastKnownFileType = text.plist.xml; path = Info.plist; sourceTree = "<group>"; };
/* End PBXFileReference section */

/* Begin PBXFrameworksBuildPhase section */
		9E66A2E91DDA7B8A0050A6FD /* Frameworks */ = {
			isa = PBXFrameworksBuildPhase;
			buildActionMask = 2147483647;
			files = (
			);
			runOnlyForDeploymentPostprocessing = 0;
		};
		9E66A2FD1DDA7B8A0050A6FD /* Frameworks */ = {
			isa = PBXFrameworksBuildPhase;
			buildActionMask = 2147483647;
			files = (
			);
			runOnlyForDeploymentPostprocessing = 0;
		};
		9E66A3081DDA7B8A0050A6FD /* Frameworks */ = {
			isa = PBXFrameworksBuildPhase;
			buildActionMask = 2147483647;
			files = (
			);
			runOnlyForDeploymentPostprocessing = 0;
		};
/* End PBXFrameworksBuildPhase section */

/* Begin PBXGroup section */
		9E66A2E31DDA7B890050A6FD = {
			isa = PBXGroup;
			children = (
				9E66A2EE1DDA7B8A0050A6FD /* TicTacToe */,
				9E66A3031DDA7B8A0050A6FD /* TicTacToeTests */,
				9E66A30E1DDA7B8A0050A6FD /* TicTacToeUITests */,
				9E66A2ED1DDA7B8A0050A6FD /* Products */,
			);
			sourceTree = "<group>";
		};
		9E66A2ED1DDA7B8A0050A6FD /* Products */ = {
			isa = PBXGroup;
			children = (
				9E66A2EC1DDA7B8A0050A6FD /* TicTacToe.app */,
				9E66A3001DDA7B8A0050A6FD /* TicTacToeTests.xctest */,
				9E66A30B1DDA7B8A0050A6FD /* TicTacToeUITests.xctest */,
			);
			name = Products;
			sourceTree = "<group>";
		};
		9E66A2EE1DDA7B8A0050A6FD /* TicTacToe */ = {
			isa = PBXGroup;
			children = (
				9E66A2EF1DDA7B8A0050A6FD /* AppDelegate.swift */,
				9E66A2F11DDA7B8A0050A6FD /* ViewController.swift */,
				9E66A2F31DDA7B8A0050A6FD /* Main.storyboard */,
				9E66A2F61DDA7B8A0050A6FD /* Assets.xcassets */,
				9E66A2F81DDA7B8A0050A6FD /* LaunchScreen.storyboard */,
				9E66A2FB1DDA7B8A0050A6FD /* Info.plist */,
			);
			path = TicTacToe;
			sourceTree = "<group>";
		};
		9E66A3031DDA7B8A0050A6FD /* TicTacToeTests */ = {
			isa = PBXGroup;
			children = (
				9E66A3041DDA7B8A0050A6FD /* TicTacToeTests.swift */,
				9E66A3061DDA7B8A0050A6FD /* Info.plist */,
			);
			path = TicTacToeTests;
			sourceTree = "<group>";
		};
		9E66A30E1DDA7B8A0050A6FD /* TicTacToeUITests */ = {
			isa = PBXGroup;
			children = (
				9E66A30F1DDA7B8A0050A6FD /* TicTacToeUITests.swift */,
				9E66A3111DDA7B8A0050A6FD /* Info.plist */,
			);
			path = TicTacToeUITests;
			sourceTree = "<group>";
		};
/* End PBXGroup section */

/* Begin PBXNativeTarget section */
		9E66A2EB1DDA7B8A0050A6FD /* TicTacToe */ = {
			isa = PBXNativeTarget;
			buildConfigurationList = 9E66A3141DDA7B8A0050A6FD /* Build configuration list for PBXNativeTarget "TicTacToe" */;
			buildPhases = (
				9E66A2E81DDA7B8A0050A6FD /* Sources */,
				9E66A2E91DDA7B8A0050A6FD /* Frameworks */,
				9E66A2EA1DDA7B8A0050A6FD /* Resources */,
			);
			buildRules = (
			);
			dependencies = (
			);
			name = TicTacToe;
			productName = TicTacToe;
			productReference = 9E66A2EC1DDA7B8A0050A6FD /* TicTacToe.app */;
			productType = "com.apple.product-type.application";
		};
		9E66A2FF1DDA7B8A0050A6FD /* TicTacToeTests */ = {
			isa = PBXNativeTarget;
			buildConfigurationList = 9E66A3171DDA7B8A0050A6FD /* Build configuration list for PBXNativeTarget "TicTacToeTests" */;
			buildPhases = (
				9E66A2FC1DDA7B8A0050A6FD /* Sources */,
				9E66A2FD1DDA7B8A0050A6FD /* Frameworks */,
				9E66A2FE1DDA7B8A0050A6FD /* Resources */,
			);
			buildRules = (
			);
			dependencies = (
				9E66A3021DDA7B8A0050A6FD /* PBXTargetDependency */,
			);
			name = TicTacToeTests;
			productName = TicTacToeTests;
			productReference = 9E66A3001DDA7B8A0050A6FD /* TicTacToeTests.xctest */;
			productType = "com.apple.product-type.bundle.unit-test";
		};
		9E66A30A1DDA7B8A0050A6FD /* TicTacToeUITests */ = {
			isa = PBXNativeTarget;
			buildConfigurationList = 9E66A31A1DDA7B8A0050A6FD /* Build configuration list for PBXNativeTarget "TicTacToeUITests" */;
			buildPhases = (
				9E66A3071DDA7B8A0050A6FD /* Sources */,
				9E66A3081DDA7B8A0050A6FD /* Frameworks */,
				9E66A3091DDA7B8A0050A6FD /* Resources */,
			);
			buildRules = (
			);
			dependencies = (
				9E66A30D1DDA7B8A0050A6FD /* PBXTargetDependency */,
			);
			name = TicTacToeUITests;
			productName = TicTacToeUITests;
			productReference = 9E66A30B1DDA7B8A0050A6FD /* TicTacToeUITests.xctest */;
			productType = "com.apple.product-type.bundle.ui-testing";
		};
/* End PBXNativeTarget section */

/* Begin PBXProject section */
		9E66A2E41DDA7B890050A6FD /* Project object */ = {
			isa = PBXProject;
			attributes = {
				LastSwiftUpdateCheck = 0810;
				LastUpgradeCheck = 0810;
				ORGANIZATIONNAME = "Maalik Hornbuckle";
				TargetAttributes = {
					9E66A2EB1DDA7B8A0050A6FD = {
						CreatedOnToolsVersion = 8.1;
						ProvisioningStyle = Automatic;
					};
					9E66A2FF1DDA7B8A0050A6FD = {
						CreatedOnToolsVersion = 8.1;
						ProvisioningStyle = Automatic;
						TestTargetID = 9E66A2EB1DDA7B8A0050A6FD;
					};
					9E66A30A1DDA7B8A0050A6FD = {
						CreatedOnToolsVersion = 8.1;
						ProvisioningStyle = Automatic;
						TestTargetID = 9E66A2EB1DDA7B8A0050A6FD;
					};
				};
			};
			buildConfigurationList = 9E66A2E71DDA7B890050A6FD /* Build configuration list for PBXProject "TicTacToe" */;
			compatibilityVersion = "Xcode 3.2";
			developmentRegion = English;
			hasScannedForEncodings = 0;
			knownRegions = (
				en,
				Base,
			);
			mainGroup = 9E66A2E31DDA7B890050A6FD;
			productRefGroup = 9E66A2ED1DDA7B8A0050A6FD /* Products */;
			projectDirPath = "";
			projectRoot = "";
			targets = (
				9E66A2EB1DDA7B8A0050A6FD /* TicTacToe */,
				9E66A2FF1DDA7B8A0050A6FD /* TicTacToeTests */,
				9E66A30A1DDA7B8A0050A6FD /* TicTacToeUITests */,
			);
		};
/* End PBXProject section */

/* Begin PBXResourcesBuildPhase section */
		9E66A2EA1DDA7B8A0050A6FD /* Resources */ = {
			isa = PBXResourcesBuildPhase;
			buildActionMask = 2147483647;
			files = (
				9E66A2FA1DDA7B8A0050A6FD /* LaunchScreen.storyboard in Resources */,
				9E66A2F71DDA7B8A0050A6FD /* Assets.xcassets in Resources */,
				9E66A2F51DDA7B8A0050A6FD /* Main.storyboard in Resources */,
			);
			runOnlyForDeploymentPostprocessing = 0;
		};
		9E66A2FE1DDA7B8A0050A6FD /* Resources */ = {
			isa = PBXResourcesBuildPhase;
			buildActionMask = 2147483647;
			files = (
			);
			runOnlyForDeploymentPostprocessing = 0;
		};
		9E66A3091DDA7B8A0050A6FD /* Resources */ = {
			isa = PBXResourcesBuildPhase;
			buildActionMask = 2147483647;
			files = (
			);
			runOnlyForDeploymentPostprocessing = 0;
		};
/* End PBXResourcesBuildPhase section */

/* Begin PBXSourcesBuildPhase section */
		9E66A2E81DDA7B8A0050A6FD /* Sources */ = {
			isa = PBXSourcesBuildPhase;
			buildActionMask = 2147483647;
			files = (
				9E66A2F21DDA7B8A0050A6FD /* ViewController.swift in Sources */,
				9E66A2F01DDA7B8A0050A6FD /* AppDelegate.swift in Sources */,
			);
			runOnlyForDeploymentPostprocessing = 0;
		};
		9E66A2FC1DDA7B8A0050A6FD /* Sources */ = {
			isa = PBXSourcesBuildPhase;
			buildActionMask = 2147483647;
			files = (
				9E66A3051DDA7B8A0050A6FD /* TicTacToeTests.swift in Sources */,
			);
			runOnlyForDeploymentPostprocessing = 0;
		};
		9E66A3071DDA7B8A0050A6FD /* Sources */ = {
			isa = PBXSourcesBuildPhase;
			buildActionMask = 2147483647;
			files = (
				9E66A3101DDA7B8A0050A6FD /* TicTacToeUITests.swift in Sources */,
			);
			runOnlyForDeploymentPostprocessing = 0;
		};
/* End PBXSourcesBuildPhase section */

/* Begin PBXTargetDependency section */
		9E66A3021DDA7B8A0050A6FD /* PBXTargetDependency */ = {
			isa = PBXTargetDependency;
			target = 9E66A2EB1DDA7B8A0050A6FD /* TicTacToe */;
			targetProxy = 9E66A3011DDA7B8A0050A6FD /* PBXContainerItemProxy */;
		};
		9E66A30D1DDA7B8A0050A6FD /* PBXTargetDependency */ = {
			isa = PBXTargetDependency;
			target = 9E66A2EB1DDA7B8A0050A6FD /* TicTacToe */;
			targetProxy = 9E66A30C1DDA7B8A0050A6FD /* PBXContainerItemProxy */;
		};
/* End PBXTargetDependency section */

/* Begin PBXVariantGroup section */
		9E66A2F31DDA7B8A0050A6FD /* Main.storyboard */ = {
			isa = PBXVariantGroup;
			children = (
				9E66A2F41DDA7B8A0050A6FD /* Base */,
			);
			name = Main.storyboard;
			sourceTree = "<group>";
		};
		9E66A2F81DDA7B8A0050A6FD /* LaunchScreen.storyboard */ = {
			isa = PBXVariantGroup;
			children = (
				9E66A2F91DDA7B8A0050A6FD /* Base */,
			);
			name = LaunchScreen.storyboard;
			sourceTree = "<group>";
		};
/* End PBXVariantGroup section */

/* Begin XCBuildConfiguration section */
		9E66A3121DDA7B8A0050A6FD /* Debug */ = {
			isa = XCBuildConfiguration;
			buildSettings = {
				ALWAYS_SEARCH_USER_PATHS = NO;
				CLANG_ANALYZER_NONNULL = YES;
				CLANG_CXX_LANGUAGE_STANDARD = "gnu++0x";
				CLANG_CXX_LIBRARY = "libc++";
				CLANG_ENABLE_MODULES = YES;
				CLANG_ENABLE_OBJC_ARC = YES;
				CLANG_WARN_BOOL_CONVERSION = YES;
				CLANG_WARN_CONSTANT_CONVERSION = YES;
				CLANG_WARN_DIRECT_OBJC_ISA_USAGE = YES_ERROR;
				CLANG_WARN_DOCUMENTATION_COMMENTS = YES;
				CLANG_WARN_EMPTY_BODY = YES;
				CLANG_WARN_ENUM_CONVERSION = YES;
				CLANG_WARN_INFINITE_RECURSION = YES;
				CLANG_WARN_INT_CONVERSION = YES;
				CLANG_WARN_OBJC_ROOT_CLASS = YES_ERROR;
				CLANG_WARN_SUSPICIOUS_MOVES = YES;
				CLANG_WARN_UNREACHABLE_CODE = YES;
				CLANG_WARN__DUPLICATE_METHOD_MATCH = YES;
				"CODE_SIGN_IDENTITY[sdk=iphoneos*]" = "iPhone Developer";
				COPY_PHASE_STRIP = NO;
				DEBUG_INFORMATION_FORMAT = dwarf;
				ENABLE_STRICT_OBJC_MSGSEND = YES;
				ENABLE_TESTABILITY = YES;
				GCC_C_LANGUAGE_STANDARD = gnu99;
				GCC_DYNAMIC_NO_PIC = NO;
				GCC_NO_COMMON_BLOCKS = YES;
				GCC_OPTIMIZATION_LEVEL = 0;
				GCC_PREPROCESSOR_DEFINITIONS = (
					"DEBUG=1",
					"$(inherited)",
				);
				GCC_WARN_64_TO_32_BIT_CONVERSION = YES;
				GCC_WARN_ABOUT_RETURN_TYPE = YES_ERROR;
				GCC_WARN_UNDECLARED_SELECTOR = YES;
				GCC_WARN_UNINITIALIZED_AUTOS = YES_AGGRESSIVE;
				GCC_WARN_UNUSED_FUNCTION = YES;
				GCC_WARN_UNUSED_VARIABLE = YES;
				IPHONEOS_DEPLOYMENT_TARGET = 10.1;
				MTL_ENABLE_DEBUG_INFO = YES;
				ONLY_ACTIVE_ARCH = YES;
				SDKROOT = iphoneos;
				SWIFT_ACTIVE_COMPILATION_CONDITIONS = DEBUG;
				SWIFT_OPTIMIZATION_LEVEL = "-Onone";
				TARGETED_DEVICE_FAMILY = "1,2";
			};
			name = Debug;
		};
		9E66A3131DDA7B8A0050A6FD /* Release */ = {
			isa = XCBuildConfiguration;
			buildSettings = {
				ALWAYS_SEARCH_USER_PATHS = NO;
				CLANG_ANALYZER_NONNULL = YES;
				CLANG_CXX_LANGUAGE_STANDARD = "gnu++0x";
				CLANG_CXX_LIBRARY = "libc++";
				CLANG_ENABLE_MODULES = YES;
				CLANG_ENABLE_OBJC_ARC = YES;
				CLANG_WARN_BOOL_CONVERSION = YES;
				CLANG_WARN_CONSTANT_CONVERSION = YES;
				CLANG_WARN_DIRECT_OBJC_ISA_USAGE = YES_ERROR;
				CLANG_WARN_DOCUMENTATION_COMMENTS = YES;
				CLANG_WARN_EMPTY_BODY = YES;
				CLANG_WARN_ENUM_CONVERSION = YES;
				CLANG_WARN_INFINITE_RECURSION = YES;
				CLANG_WARN_INT_CONVERSION = YES;
				CLANG_WARN_OBJC_ROOT_CLASS = YES_ERROR;
				CLANG_WARN_SUSPICIOUS_MOVES = YES;
				CLANG_WARN_UNREACHABLE_CODE = YES;
				CLANG_WARN__DUPLICATE_METHOD_MATCH = YES;
				"CODE_SIGN_IDENTITY[sdk=iphoneos*]" = "iPhone Developer";
				COPY_PHASE_STRIP = NO;
				DEBUG_INFORMATION_FORMAT = "dwarf-with-dsym";
				ENABLE_NS_ASSERTIONS = NO;
				ENABLE_STRICT_OBJC_MSGSEND = YES;
				GCC_C_LANGUAGE_STANDARD = gnu99;
				GCC_NO_COMMON_BLOCKS = YES;
				GCC_WARN_64_TO_32_BIT_CONVERSION = YES;
				GCC_WARN_ABOUT_RETURN_TYPE = YES_ERROR;
				GCC_WARN_UNDECLARED_SELECTOR = YES;
				GCC_WARN_UNINITIALIZED_AUTOS = YES_AGGRESSIVE;
				GCC_WARN_UNUSED_FUNCTION = YES;
				GCC_WARN_UNUSED_VARIABLE = YES;
				IPHONEOS_DEPLOYMENT_TARGET = 10.1;
				MTL_ENABLE_DEBUG_INFO = NO;
				SDKROOT = iphoneos;
				SWIFT_OPTIMIZATION_LEVEL = "-Owholemodule";
				TARGETED_DEVICE_FAMILY = "1,2";
				VALIDATE_PRODUCT = YES;
			};
			name = Release;
		};
		9E66A3151DDA7B8A0050A6FD /* Debug */ = {
			isa = XCBuildConfiguration;
			buildSettings = {
				ASSETCATALOG_COMPILER_APPICON_NAME = AppIcon;
				INFOPLIST_FILE = TicTacToe/Info.plist;
				LD_RUNPATH_SEARCH_PATHS = "$(inherited) @executable_path/Frameworks";
				PRODUCT_BUNDLE_IDENTIFIER = "Maalik-Hornbuckle.TicTacToe";
				PRODUCT_NAME = "$(TARGET_NAME)";
				SWIFT_VERSION = 3.0;
			};
			name = Debug;
		};
		9E66A3161DDA7B8A0050A6FD /* Release */ = {
			isa = XCBuildConfiguration;
			buildSettings = {
				ASSETCATALOG_COMPILER_APPICON_NAME = AppIcon;
				INFOPLIST_FILE = TicTacToe/Info.plist;
				LD_RUNPATH_SEARCH_PATHS = "$(inherited) @executable_path/Frameworks";
				PRODUCT_BUNDLE_IDENTIFIER = "Maalik-Hornbuckle.TicTacToe";
				PRODUCT_NAME = "$(TARGET_NAME)";
				SWIFT_VERSION = 3.0;
			};
			name = Release;
		};
		9E66A3181DDA7B8A0050A6FD /* Debug */ = {
			isa = XCBuildConfiguration;
			buildSettings = {
				ALWAYS_EMBED_SWIFT_STANDARD_LIBRARIES = YES;
				BUNDLE_LOADER = "$(TEST_HOST)";
				INFOPLIST_FILE = TicTacToeTests/Info.plist;
				LD_RUNPATH_SEARCH_PATHS = "$(inherited) @executable_path/Frameworks @loader_path/Frameworks";
				PRODUCT_BUNDLE_IDENTIFIER = "Maalik-Hornbuckle.TicTacToeTests";
				PRODUCT_NAME = "$(TARGET_NAME)";
				SWIFT_VERSION = 3.0;
				TEST_HOST = "$(BUILT_PRODUCTS_DIR)/TicTacToe.app/TicTacToe";
			};
			name = Debug;
		};
		9E66A3191DDA7B8A0050A6FD /* Release */ = {
			isa = XCBuildConfiguration;
			buildSettings = {
				ALWAYS_EMBED_SWIFT_STANDARD_LIBRARIES = YES;
				BUNDLE_LOADER = "$(TEST_HOST)";
				INFOPLIST_FILE = TicTacToeTests/Info.plist;
				LD_RUNPATH_SEARCH_PATHS = "$(inherited) @executable_path/Frameworks @loader_path/Frameworks";
				PRODUCT_BUNDLE_IDENTIFIER = "Maalik-Hornbuckle.TicTacToeTests";
				PRODUCT_NAME = "$(TARGET_NAME)";
				SWIFT_VERSION = 3.0;
				TEST_HOST = "$(BUILT_PRODUCTS_DIR)/TicTacToe.app/TicTacToe";
			};
			name = Release;
		};
		9E66A31B1DDA7B8A0050A6FD /* Debug */ = {
			isa = XCBuildConfiguration;
			buildSettings = {
				ALWAYS_EMBED_SWIFT_STANDARD_LIBRARIES = YES;
				INFOPLIST_FILE = TicTacToeUITests/Info.plist;
				LD_RUNPATH_SEARCH_PATHS = "$(inherited) @executable_path/Frameworks @loader_path/Frameworks";
				PRODUCT_BUNDLE_IDENTIFIER = "Maalik-Hornbuckle.TicTacToeUITests";
				PRODUCT_NAME = "$(TARGET_NAME)";
				SWIFT_VERSION = 3.0;
				TEST_TARGET_NAME = TicTacToe;
			};
			name = Debug;
		};
		9E66A31C1DDA7B8A0050A6FD /* Release */ = {
			isa = XCBuildConfiguration;
			buildSettings = {
				ALWAYS_EMBED_SWIFT_STANDARD_LIBRARIES = YES;
				INFOPLIST_FILE = TicTacToeUITests/Info.plist;
				LD_RUNPATH_SEARCH_PATHS = "$(inherited) @executable_path/Frameworks @loader_path/Frameworks";
				PRODUCT_BUNDLE_IDENTIFIER = "Maalik-Hornbuckle.TicTacToeUITests";
				PRODUCT_NAME = "$(TARGET_NAME)";
				SWIFT_VERSION = 3.0;
				TEST_TARGET_NAME = TicTacToe;
			};
			name = Release;
		};
/* End XCBuildConfiguration section */

/* Begin XCConfigurationList section */
		9E66A2E71DDA7B890050A6FD /* Build configuration list for PBXProject "TicTacToe" */ = {
			isa = XCConfigurationList;
			buildConfigurations = (
				9E66A3121DDA7B8A0050A6FD /* Debug */,
				9E66A3131DDA7B8A0050A6FD /* Release */,
			);
			defaultConfigurationIsVisible = 0;
			defaultConfigurationName = Release;
		};
		9E66A3141DDA7B8A0050A6FD /* Build configuration list for PBXNativeTarget "TicTacToe" */ = {
			isa = XCConfigurationList;
			buildConfigurations = (
				9E66A3151DDA7B8A0050A6FD /* Debug */,
				9E66A3161DDA7B8A0050A6FD /* Release */,
			);
			defaultConfigurationIsVisible = 0;
		};
		9E66A3171DDA7B8A0050A6FD /* Build configuration list for PBXNativeTarget "TicTacToeTests" */ = {
			isa = XCConfigurationList;
			buildConfigurations = (
				9E66A3181DDA7B8A0050A6FD /* Debug */,
				9E66A3191DDA7B8A0050A6FD /* Release */,
			);
			defaultConfigurationIsVisible = 0;
		};
		9E66A31A1DDA7B8A0050A6FD /* Build configuration list for PBXNativeTarget "TicTacToeUITests" */ = {
			isa = XCConfigurationList;
			buildConfigurations = (
				9E66A31B1DDA7B8A0050A6FD /* Debug */,
				9E66A31C1DDA7B8A0050A6FD /* Release */,
			);
			defaultConfigurationIsVisible = 0;
		};
/* End XCConfigurationList section */
	};
	rootObject = 9E66A2E41DDA7B890050A6FD /* Project object */;
}
